// !$*UTF8*$!
{
	archiveVersion = 1;
	classes = {
	};
	objectVersion = 55;
	objects = {

/* Begin PBXBuildFile section */
		101F81DF282D4B0400A63554 /* MedicalDeviceChartAppApp.swift in Sources */ = {isa = PBXBuildFile; fileRef = 101F81DE282D4B0400A63554 /* MedicalDeviceChartAppApp.swift */; };
		101F81E1282D4B0400A63554 /* MainView.swift in Sources */ = {isa = PBXBuildFile; fileRef = 101F81E0282D4B0400A63554 /* MainView.swift */; };
		101F81E3282D4B0500A63554 /* Assets.xcassets in Resources */ = {isa = PBXBuildFile; fileRef = 101F81E2282D4B0500A63554 /* Assets.xcassets */; };
		101F81E6282D4B0500A63554 /* Preview Assets.xcassets in Resources */ = {isa = PBXBuildFile; fileRef = 101F81E5282D4B0500A63554 /* Preview Assets.xcassets */; };
		10AED28B28311C99001A7018 /* WatchChartViewVM.swift in Sources */ = {isa = PBXBuildFile; fileRef = 10AED28A28311C99001A7018 /* WatchChartViewVM.swift */; };
		10AED28D2831219D001A7018 /* WatchChartView.swift in Sources */ = {isa = PBXBuildFile; fileRef = 10AED28C2831219D001A7018 /* WatchChartView.swift */; };
		10AED28F2831288F001A7018 /* deviceInfo in Resources */ = {isa = PBXBuildFile; fileRef = 10AED28E2831288F001A7018 /* deviceInfo */; };
		10B462DB283110E900A203DB /* MedicineDevice.swift in Sources */ = {isa = PBXBuildFile; fileRef = 10B462DA283110E900A203DB /* MedicineDevice.swift */; };
		10B462DE2831115A00A203DB /* JsonParser.swift in Sources */ = {isa = PBXBuildFile; fileRef = 10B462DD2831115A00A203DB /* JsonParser.swift */; };
		10B462E1283111A800A203DB /* Array+Extensions.swift in Sources */ = {isa = PBXBuildFile; fileRef = 10B462E0283111A800A203DB /* Array+Extensions.swift */; };
		10B462E32831191400A203DB /* TransactionChartView.swift in Sources */ = {isa = PBXBuildFile; fileRef = 10B462E22831191400A203DB /* TransactionChartView.swift */; };
		F7699FBAEC2C1A9730513346 /* Pods_MedicalDeviceChartApp.framework in Frameworks */ = {isa = PBXBuildFile; fileRef = 8327D02B8685F2A74234D06A /* Pods_MedicalDeviceChartApp.framework */; };
/* End PBXBuildFile section */

/* Begin PBXFileReference section */
		101F81DB282D4B0400A63554 /* MedicalDeviceChartApp.app */ = {isa = PBXFileReference; explicitFileType = wrapper.application; includeInIndex = 0; path = MedicalDeviceChartApp.app; sourceTree = BUILT_PRODUCTS_DIR; };
		101F81DE282D4B0400A63554 /* MedicalDeviceChartAppApp.swift */ = {isa = PBXFileReference; lastKnownFileType = sourcecode.swift; path = MedicalDeviceChartAppApp.swift; sourceTree = "<group>"; };
		101F81E0282D4B0400A63554 /* MainView.swift */ = {isa = PBXFileReference; lastKnownFileType = sourcecode.swift; path = MainView.swift; sourceTree = "<group>"; };
		101F81E2282D4B0500A63554 /* Assets.xcassets */ = {isa = PBXFileReference; lastKnownFileType = folder.assetcatalog; path = Assets.xcassets; sourceTree = "<group>"; };
		101F81E5282D4B0500A63554 /* Preview Assets.xcassets */ = {isa = PBXFileReference; lastKnownFileType = folder.assetcatalog; path = "Preview Assets.xcassets"; sourceTree = "<group>"; };
		10AED28A28311C99001A7018 /* WatchChartViewVM.swift */ = {isa = PBXFileReference; lastKnownFileType = sourcecode.swift; path = WatchChartViewVM.swift; sourceTree = "<group>"; };
		10AED28C2831219D001A7018 /* WatchChartView.swift */ = {isa = PBXFileReference; lastKnownFileType = sourcecode.swift; path = WatchChartView.swift; sourceTree = "<group>"; };
		10AED28E2831288F001A7018 /* deviceInfo */ = {isa = PBXFileReference; fileEncoding = 4; lastKnownFileType = text; path = deviceInfo; sourceTree = "<group>"; };
		10B462DA283110E900A203DB /* MedicineDevice.swift */ = {isa = PBXFileReference; lastKnownFileType = sourcecode.swift; path = MedicineDevice.swift; sourceTree = "<group>"; };
		10B462DD2831115A00A203DB /* JsonParser.swift */ = {isa = PBXFileReference; lastKnownFileType = sourcecode.swift; path = JsonParser.swift; sourceTree = "<group>"; };
		10B462E0283111A800A203DB /* Array+Extensions.swift */ = {isa = PBXFileReference; lastKnownFileType = sourcecode.swift; path = "Array+Extensions.swift"; sourceTree = "<group>"; };
		10B462E22831191400A203DB /* TransactionChartView.swift */ = {isa = PBXFileReference; lastKnownFileType = sourcecode.swift; path = TransactionChartView.swift; sourceTree = "<group>"; };
		10D6A17828323ED900D1D09F /* Info.plist */ = {isa = PBXFileReference; lastKnownFileType = text.plist; path = Info.plist; sourceTree = "<group>"; };
		338A499003070CDF17470D0D /* Pods-MedicalDeviceChartApp.release.xcconfig */ = {isa = PBXFileReference; includeInIndex = 1; lastKnownFileType = text.xcconfig; name = "Pods-MedicalDeviceChartApp.release.xcconfig"; path = "Target Support Files/Pods-MedicalDeviceChartApp/Pods-MedicalDeviceChartApp.release.xcconfig"; sourceTree = "<group>"; };
		4F954C11B1B728731BFC0D18 /* Pods-MedicalDeviceChartApp.debug.xcconfig */ = {isa = PBXFileReference; includeInIndex = 1; lastKnownFileType = text.xcconfig; name = "Pods-MedicalDeviceChartApp.debug.xcconfig"; path = "Target Support Files/Pods-MedicalDeviceChartApp/Pods-MedicalDeviceChartApp.debug.xcconfig"; sourceTree = "<group>"; };
		8327D02B8685F2A74234D06A /* Pods_MedicalDeviceChartApp.framework */ = {isa = PBXFileReference; explicitFileType = wrapper.framework; includeInIndex = 0; path = Pods_MedicalDeviceChartApp.framework; sourceTree = BUILT_PRODUCTS_DIR; };
/* End PBXFileReference section */

/* Begin PBXFrameworksBuildPhase section */
		101F81D8282D4B0400A63554 /* Frameworks */ = {
			isa = PBXFrameworksBuildPhase;
			buildActionMask = 2147483647;
			files = (
				F7699FBAEC2C1A9730513346 /* Pods_MedicalDeviceChartApp.framework in Frameworks */,
			);
			runOnlyForDeploymentPostprocessing = 0;
		};
/* End PBXFrameworksBuildPhase section */

/* Begin PBXGroup section */
		101F81D2282D4B0400A63554 = {
			isa = PBXGroup;
			children = (
				101F81DD282D4B0400A63554 /* MedicalDeviceChartApp */,
				101F81DC282D4B0400A63554 /* Products */,
				DA78BFDB510AC9B5BDC2F9A1 /* Pods */,
				EC8FE2FCF4550DD9770616CF /* Frameworks */,
			);
			sourceTree = "<group>";
		};
		101F81DC282D4B0400A63554 /* Products */ = {
			isa = PBXGroup;
			children = (
				101F81DB282D4B0400A63554 /* MedicalDeviceChartApp.app */,
			);
			name = Products;
			sourceTree = "<group>";
		};
		101F81DD282D4B0400A63554 /* MedicalDeviceChartApp */ = {
			isa = PBXGroup;
			children = (
				10AED28E2831288F001A7018 /* deviceInfo */,
				101F81DE282D4B0400A63554 /* MedicalDeviceChartAppApp.swift */,
				10B462D9283110DA00A203DB /* Models */,
				10B462D8283106D000A203DB /* Views */,
				10B462DC2831114E00A203DB /* Services */,
				10B462DF2831119700A203DB /* Extensions */,
				101F81E2282D4B0500A63554 /* Assets.xcassets */,
				10D6A17828323ED900D1D09F /* Info.plist */,
				101F81E4282D4B0500A63554 /* Preview Content */,
			);
			path = MedicalDeviceChartApp;
			sourceTree = "<group>";
		};
		101F81E4282D4B0500A63554 /* Preview Content */ = {
			isa = PBXGroup;
			children = (
				101F81E5282D4B0500A63554 /* Preview Assets.xcassets */,
			);
			path = "Preview Content";
			sourceTree = "<group>";
		};
		10B462D8283106D000A203DB /* Views */ = {
			isa = PBXGroup;
			children = (
				101F81E0282D4B0400A63554 /* MainView.swift */,
				10AED28C2831219D001A7018 /* WatchChartView.swift */,
				10AED28A28311C99001A7018 /* WatchChartViewVM.swift */,
				10B462E22831191400A203DB /* TransactionChartView.swift */,
			);
			path = Views;
			sourceTree = "<group>";
		};
		10B462D9283110DA00A203DB /* Models */ = {
			isa = PBXGroup;
			children = (
				10B462DA283110E900A203DB /* MedicineDevice.swift */,
			);
			path = Models;
			sourceTree = "<group>";
		};
		10B462DC2831114E00A203DB /* Services */ = {
			isa = PBXGroup;
			children = (
				10B462DD2831115A00A203DB /* JsonParser.swift */,
			);
			path = Services;
			sourceTree = "<group>";
		};
		10B462DF2831119700A203DB /* Extensions */ = {
			isa = PBXGroup;
			children = (
				10B462E0283111A800A203DB /* Array+Extensions.swift */,
			);
			path = Extensions;
			sourceTree = "<group>";
		};
		DA78BFDB510AC9B5BDC2F9A1 /* Pods */ = {
			isa = PBXGroup;
			children = (
				4F954C11B1B728731BFC0D18 /* Pods-MedicalDeviceChartApp.debug.xcconfig */,
				338A499003070CDF17470D0D /* Pods-MedicalDeviceChartApp.release.xcconfig */,
			);
			path = Pods;
			sourceTree = "<group>";
		};
		EC8FE2FCF4550DD9770616CF /* Frameworks */ = {
			isa = PBXGroup;
			children = (
				8327D02B8685F2A74234D06A /* Pods_MedicalDeviceChartApp.framework */,
			);
			name = Frameworks;
			sourceTree = "<group>";
		};
/* End PBXGroup section */

/* Begin PBXNativeTarget section */
		101F81DA282D4B0400A63554 /* MedicalDeviceChartApp */ = {
			isa = PBXNativeTarget;
			buildConfigurationList = 101F81E9282D4B0500A63554 /* Build configuration list for PBXNativeTarget "MedicalDeviceChartApp" */;
			buildPhases = (
				F202F2853B49958C4697840F /* [CP] Check Pods Manifest.lock */,
				101F81D7282D4B0400A63554 /* Sources */,
				101F81D8282D4B0400A63554 /* Frameworks */,
				101F81D9282D4B0400A63554 /* Resources */,
				3B1FF2C4968259713894A4B0 /* [CP] Embed Pods Frameworks */,
			);
			buildRules = (
			);
			dependencies = (
			);
			name = MedicalDeviceChartApp;
			productName = MedicalDeviceChartApp;
			productReference = 101F81DB282D4B0400A63554 /* MedicalDeviceChartApp.app */;
			productType = "com.apple.product-type.application";
		};
/* End PBXNativeTarget section */

/* Begin PBXProject section */
		101F81D3282D4B0400A63554 /* Project object */ = {
			isa = PBXProject;
			attributes = {
				BuildIndependentTargetsInParallel = 1;
				LastSwiftUpdateCheck = 1310;
				LastUpgradeCheck = 1310;
				TargetAttributes = {
					101F81DA282D4B0400A63554 = {
						CreatedOnToolsVersion = 13.1;
					};
				};
			};
			buildConfigurationList = 101F81D6282D4B0400A63554 /* Build configuration list for PBXProject "MedicalDeviceChartApp" */;
			compatibilityVersion = "Xcode 13.0";
			developmentRegion = en;
			hasScannedForEncodings = 0;
			knownRegions = (
				en,
				Base,
			);
			mainGroup = 101F81D2282D4B0400A63554;
			productRefGroup = 101F81DC282D4B0400A63554 /* Products */;
			projectDirPath = "";
			projectRoot = "";
			targets = (
				101F81DA282D4B0400A63554 /* MedicalDeviceChartApp */,
			);
		};
/* End PBXProject section */

/* Begin PBXResourcesBuildPhase section */
		101F81D9282D4B0400A63554 /* Resources */ = {
			isa = PBXResourcesBuildPhase;
			buildActionMask = 2147483647;
			files = (
				101F81E6282D4B0500A63554 /* Preview Assets.xcassets in Resources */,
				10AED28F2831288F001A7018 /* deviceInfo in Resources */,
				101F81E3282D4B0500A63554 /* Assets.xcassets in Resources */,
			);
			runOnlyForDeploymentPostprocessing = 0;
		};
/* End PBXResourcesBuildPhase section */

/* Begin PBXShellScriptBuildPhase section */
		3B1FF2C4968259713894A4B0 /* [CP] Embed Pods Frameworks */ = {
			isa = PBXShellScriptBuildPhase;
			buildActionMask = 2147483647;
			files = (
			);
			inputFileListPaths = (
				"${PODS_ROOT}/Target Support Files/Pods-MedicalDeviceChartApp/Pods-MedicalDeviceChartApp-frameworks-${CONFIGURATION}-input-files.xcfilelist",
			);
			name = "[CP] Embed Pods Frameworks";
			outputFileListPaths = (
				"${PODS_ROOT}/Target Support Files/Pods-MedicalDeviceChartApp/Pods-MedicalDeviceChartApp-frameworks-${CONFIGURATION}-output-files.xcfilelist",
			);
			runOnlyForDeploymentPostprocessing = 0;
			shellPath = /bin/sh;
			shellScript = "\"${PODS_ROOT}/Target Support Files/Pods-MedicalDeviceChartApp/Pods-MedicalDeviceChartApp-frameworks.sh\"\n";
			showEnvVarsInLog = 0;
		};
		F202F2853B49958C4697840F /* [CP] Check Pods Manifest.lock */ = {
			isa = PBXShellScriptBuildPhase;
			buildActionMask = 2147483647;
			files = (
			);
			inputFileListPaths = (
			);
			inputPaths = (
				"${PODS_PODFILE_DIR_PATH}/Podfile.lock",
				"${PODS_ROOT}/Manifest.lock",
			);
			name = "[CP] Check Pods Manifest.lock";
			outputFileListPaths = (
			);
			outputPaths = (
				"$(DERIVED_FILE_DIR)/Pods-MedicalDeviceChartApp-checkManifestLockResult.txt",
			);
			runOnlyForDeploymentPostprocessing = 0;
			shellPath = /bin/sh;
			shellScript = "diff \"${PODS_PODFILE_DIR_PATH}/Podfile.lock\" \"${PODS_ROOT}/Manifest.lock\" > /dev/null\nif [ $? != 0 ] ; then\n    # print error to STDERR\n    echo \"error: The sandbox is not in sync with the Podfile.lock. Run 'pod install' or update your CocoaPods installation.\" >&2\n    exit 1\nfi\n# This output is used by Xcode 'outputs' to avoid re-running this script phase.\necho \"SUCCESS\" > \"${SCRIPT_OUTPUT_FILE_0}\"\n";
			showEnvVarsInLog = 0;
		};
/* End PBXShellScriptBuildPhase section */

/* Begin PBXSourcesBuildPhase section */
		101F81D7282D4B0400A63554 /* Sources */ = {
			isa = PBXSourcesBuildPhase;
			buildActionMask = 2147483647;
			files = (
				10B462DB283110E900A203DB /* MedicineDevice.swift in Sources */,
				10B462E1283111A800A203DB /* Array+Extensions.swift in Sources */,
				10B462E32831191400A203DB /* TransactionChartView.swift in Sources */,
				10AED28D2831219D001A7018 /* WatchChartView.swift in Sources */,
				101F81E1282D4B0400A63554 /* MainView.swift in Sources */,
				10AED28B28311C99001A7018 /* WatchChartViewVM.swift in Sources */,
				10B462DE2831115A00A203DB /* JsonParser.swift in Sources */,
				101F81DF282D4B0400A63554 /* MedicalDeviceChartAppApp.swift in Sources */,
			);
			runOnlyForDeploymentPostprocessing = 0;
		};
/* End PBXSourcesBuildPhase section */

/* Begin XCBuildConfiguration section */
		101F81E7282D4B0500A63554 /* Debug */ = {
			isa = XCBuildConfiguration;
			buildSettings = {
				ALWAYS_SEARCH_USER_PATHS = NO;
				CLANG_ANALYZER_NONNULL = YES;
				CLANG_ANALYZER_NUMBER_OBJECT_CONVERSION = YES_AGGRESSIVE;
				CLANG_CXX_LANGUAGE_STANDARD = "gnu++17";
				CLANG_CXX_LIBRARY = "libc++";
				CLANG_ENABLE_MODULES = YES;
				CLANG_ENABLE_OBJC_ARC = YES;
				CLANG_ENABLE_OBJC_WEAK = YES;
				CLANG_WARN_BLOCK_CAPTURE_AUTORELEASING = YES;
				CLANG_WARN_BOOL_CONVERSION = YES;
				CLANG_WARN_COMMA = YES;
				CLANG_WARN_CONSTANT_CONVERSION = YES;
				CLANG_WARN_DEPRECATED_OBJC_IMPLEMENTATIONS = YES;
				CLANG_WARN_DIRECT_OBJC_ISA_USAGE = YES_ERROR;
				CLANG_WARN_DOCUMENTATION_COMMENTS = YES;
				CLANG_WARN_EMPTY_BODY = YES;
				CLANG_WARN_ENUM_CONVERSION = YES;
				CLANG_WARN_INFINITE_RECURSION = YES;
				CLANG_WARN_INT_CONVERSION = YES;
				CLANG_WARN_NON_LITERAL_NULL_CONVERSION = YES;
				CLANG_WARN_OBJC_IMPLICIT_RETAIN_SELF = YES;
				CLANG_WARN_OBJC_LITERAL_CONVERSION = YES;
				CLANG_WARN_OBJC_ROOT_CLASS = YES_ERROR;
				CLANG_WARN_QUOTED_INCLUDE_IN_FRAMEWORK_HEADER = YES;
				CLANG_WARN_RANGE_LOOP_ANALYSIS = YES;
				CLANG_WARN_STRICT_PROTOTYPES = YES;
				CLANG_WARN_SUSPICIOUS_MOVE = YES;
				CLANG_WARN_UNGUARDED_AVAILABILITY = YES_AGGRESSIVE;
				CLANG_WARN_UNREACHABLE_CODE = YES;
				CLANG_WARN__DUPLICATE_METHOD_MATCH = YES;
				COPY_PHASE_STRIP = NO;
				DEBUG_INFORMATION_FORMAT = dwarf;
				ENABLE_STRICT_OBJC_MSGSEND = YES;
				ENABLE_TESTABILITY = YES;
				GCC_C_LANGUAGE_STANDARD = gnu11;
				GCC_DYNAMIC_NO_PIC = NO;
				GCC_NO_COMMON_BLOCKS = YES;
				GCC_OPTIMIZATION_LEVEL = 0;
				GCC_PREPROCESSOR_DEFINITIONS = (
					"DEBUG=1",
					"$(inherited)",
				);
				GCC_WARN_64_TO_32_BIT_CONVERSION = YES;
				GCC_WARN_ABOUT_RETURN_TYPE = YES_ERROR;
				GCC_WARN_UNDECLARED_SELECTOR = YES;
				GCC_WARN_UNINITIALIZED_AUTOS = YES_AGGRESSIVE;
				GCC_WARN_UNUSED_FUNCTION = YES;
				GCC_WARN_UNUSED_VARIABLE = YES;
				IPHONEOS_DEPLOYMENT_TARGET = 15.0;
				MTL_ENABLE_DEBUG_INFO = INCLUDE_SOURCE;
				MTL_FAST_MATH = YES;
				ONLY_ACTIVE_ARCH = YES;
				SDKROOT = iphoneos;
				SWIFT_ACTIVE_COMPILATION_CONDITIONS = DEBUG;
				SWIFT_OPTIMIZATION_LEVEL = "-Onone";
			};
			name = Debug;
		};
		101F81E8282D4B0500A63554 /* Release */ = {
			isa = XCBuildConfiguration;
			buildSettings = {
				ALWAYS_SEARCH_USER_PATHS = NO;
				CLANG_ANALYZER_NONNULL = YES;
				CLANG_ANALYZER_NUMBER_OBJECT_CONVERSION = YES_AGGRESSIVE;
				CLANG_CXX_LANGUAGE_STANDARD = "gnu++17";
				CLANG_CXX_LIBRARY = "libc++";
				CLANG_ENABLE_MODULES = YES;
				CLANG_ENABLE_OBJC_ARC = YES;
				CLANG_ENABLE_OBJC_WEAK = YES;
				CLANG_WARN_BLOCK_CAPTURE_AUTORELEASING = YES;
				CLANG_WARN_BOOL_CONVERSION = YES;
				CLANG_WARN_COMMA = YES;
				CLANG_WARN_CONSTANT_CONVERSION = YES;
				CLANG_WARN_DEPRECATED_OBJC_IMPLEMENTATIONS = YES;
				CLANG_WARN_DIRECT_OBJC_ISA_USAGE = YES_ERROR;
				CLANG_WARN_DOCUMENTATION_COMMENTS = YES;
				CLANG_WARN_EMPTY_BODY = YES;
				CLANG_WARN_ENUM_CONVERSION = YES;
				CLANG_WARN_INFINITE_RECURSION = YES;
				CLANG_WARN_INT_CONVERSION = YES;
				CLANG_WARN_NON_LITERAL_NULL_CONVERSION = YES;
				CLANG_WARN_OBJC_IMPLICIT_RETAIN_SELF = YES;
				CLANG_WARN_OBJC_LITERAL_CONVERSION = YES;
				CLANG_WARN_OBJC_ROOT_CLASS = YES_ERROR;
				CLANG_WARN_QUOTED_INCLUDE_IN_FRAMEWORK_HEADER = YES;
				CLANG_WARN_RANGE_LOOP_ANALYSIS = YES;
				CLANG_WARN_STRICT_PROTOTYPES = YES;
				CLANG_WARN_SUSPICIOUS_MOVE = YES;
				CLANG_WARN_UNGUARDED_AVAILABILITY = YES_AGGRESSIVE;
				CLANG_WARN_UNREACHABLE_CODE = YES;
				CLANG_WARN__DUPLICATE_METHOD_MATCH = YES;
				COPY_PHASE_STRIP = NO;
				DEBUG_INFORMATION_FORMAT = "dwarf-with-dsym";
				ENABLE_NS_ASSERTIONS = NO;
				ENABLE_STRICT_OBJC_MSGSEND = YES;
				GCC_C_LANGUAGE_STANDARD = gnu11;
				GCC_NO_COMMON_BLOCKS = YES;
				GCC_WARN_64_TO_32_BIT_CONVERSION = YES;
				GCC_WARN_ABOUT_RETURN_TYPE = YES_ERROR;
				GCC_WARN_UNDECLARED_SELECTOR = YES;
				GCC_WARN_UNINITIALIZED_AUTOS = YES_AGGRESSIVE;
				GCC_WARN_UNUSED_FUNCTION = YES;
				GCC_WARN_UNUSED_VARIABLE = YES;
				IPHONEOS_DEPLOYMENT_TARGET = 15.0;
				MTL_ENABLE_DEBUG_INFO = NO;
				MTL_FAST_MATH = YES;
				SDKROOT = iphoneos;
				SWIFT_COMPILATION_MODE = wholemodule;
				SWIFT_OPTIMIZATION_LEVEL = "-O";
				VALIDATE_PRODUCT = YES;
			};
			name = Release;
		};
		101F81EA282D4B0500A63554 /* Debug */ = {
			isa = XCBuildConfiguration;
			baseConfigurationReference = 4F954C11B1B728731BFC0D18 /* Pods-MedicalDeviceChartApp.debug.xcconfig */;
			buildSettings = {
				ASSETCATALOG_COMPILER_APPICON_NAME = AppIcon;
				ASSETCATALOG_COMPILER_GLOBAL_ACCENT_COLOR_NAME = AccentColor;
				CODE_SIGN_STYLE = Automatic;
				CURRENT_PROJECT_VERSION = 1;
				DEVELOPMENT_ASSET_PATHS = "\"MedicalDeviceChartApp/Preview Content\"";
				DEVELOPMENT_TEAM = 992S4CF5Q6;
				ENABLE_PREVIEWS = YES;
				GENERATE_INFOPLIST_FILE = YES;
				INFOPLIST_FILE = MedicalDeviceChartApp/Info.plist;
				INFOPLIST_KEY_UIApplicationSceneManifest_Generation = YES;
				INFOPLIST_KEY_UIApplicationSupportsIndirectInputEvents = YES;
				INFOPLIST_KEY_UILaunchScreen_Generation = YES;
				INFOPLIST_KEY_UISupportedInterfaceOrientations = "UIInterfaceOrientationLandscapeLeft UIInterfaceOrientationLandscapeRight";
				INFOPLIST_KEY_UISupportedInterfaceOrientations_iPad = "";
				INFOPLIST_KEY_UISupportedInterfaceOrientations_iPhone = "";
				LD_RUNPATH_SEARCH_PATHS = (
					"$(inherited)",
					"@executable_path/Frameworks",
				);
				MARKETING_VERSION = 1.0;
				PRODUCT_BUNDLE_IDENTIFIER = by.mikitash.MedicalDeviceChartApp;
				PRODUCT_NAME = "$(TARGET_NAME)";
				SWIFT_EMIT_LOC_STRINGS = YES;
				SWIFT_VERSION = 5.0;
				TARGETED_DEVICE_FAMILY = "1,2";
			};
			name = Debug;
		};
		101F81EB282D4B0500A63554 /* Release */ = {
			isa = XCBuildConfiguration;
			baseConfigurationReference = 338A499003070CDF17470D0D /* Pods-MedicalDeviceChartApp.release.xcconfig */;
			buildSettings = {
				ASSETCATALOG_COMPILER_APPICON_NAME = AppIcon;
				ASSETCATALOG_COMPILER_GLOBAL_ACCENT_COLOR_NAME = AccentColor;
				CODE_SIGN_STYLE = Automatic;
				CURRENT_PROJECT_VERSION = 1;
				DEVELOPMENT_ASSET_PATHS = "\"MedicalDeviceChartApp/Preview Content\"";
				DEVELOPMENT_TEAM = 992S4CF5Q6;
				ENABLE_PREVIEWS = YES;
				GENERATE_INFOPLIST_FILE = YES;
				INFOPLIST_FILE = MedicalDeviceChartApp/Info.plist;
				INFOPLIST_KEY_UIApplicationSceneManifest_Generation = YES;
				INFOPLIST_KEY_UIApplicationSupportsIndirectInputEvents = YES;
				INFOPLIST_KEY_UILaunchScreen_Generation = YES;
				INFOPLIST_KEY_UISupportedInterfaceOrientations = "UIInterfaceOrientationLandscapeLeft UIInterfaceOrientationLandscapeRight";
				INFOPLIST_KEY_UISupportedInterfaceOrientations_iPad = "";
				INFOPLIST_KEY_UISupportedInterfaceOrientations_iPhone = "";
				LD_RUNPATH_SEARCH_PATHS = (
					"$(inherited)",
					"@executable_path/Frameworks",
				);
				MARKETING_VERSION = 1.0;
				PRODUCT_BUNDLE_IDENTIFIER = by.mikitash.MedicalDeviceChartApp;
				PRODUCT_NAME = "$(TARGET_NAME)";
				SWIFT_EMIT_LOC_STRINGS = YES;
				SWIFT_VERSION = 5.0;
				TARGETED_DEVICE_FAMILY = "1,2";
			};
			name = Release;
		};
/* End XCBuildConfiguration section */

/* Begin XCConfigurationList section */
		101F81D6282D4B0400A63554 /* Build configuration list for PBXProject "MedicalDeviceChartApp" */ = {
			isa = XCConfigurationList;
			buildConfigurations = (
				101F81E7282D4B0500A63554 /* Debug */,
				101F81E8282D4B0500A63554 /* Release */,
			);
			defaultConfigurationIsVisible = 0;
			defaultConfigurationName = Release;
		};
		101F81E9282D4B0500A63554 /* Build configuration list for PBXNativeTarget "MedicalDeviceChartApp" */ = {
			isa = XCConfigurationList;
			buildConfigurations = (
				101F81EA282D4B0500A63554 /* Debug */,
				101F81EB282D4B0500A63554 /* Release */,
			);
			defaultConfigurationIsVisible = 0;
			defaultConfigurationName = Release;
		};
/* End XCConfigurationList section */
	};
	rootObject = 101F81D3282D4B0400A63554 /* Project object */;
}
